
Microsoft Visual Studio Solution File, Format Version 12.00
# Visual Studio 15
VisualStudioVersion = 15.0.26124.0
MinimumVisualStudioVersion = 15.0.26124.0
Project("{9A19103F-16F7-4668-BE54-9A1E7A4F7556}") = "EchoClient", "EchoClient\EchoClient.csproj", "{64516072-9414-4A0D-BEBE-7A59F872E243}"
EndProject
Project("{9A19103F-16F7-4668-BE54-9A1E7A4F7556}") = "EchoServer", "EchoServer\EchoServer.csproj", "{4CA689A4-703B-47CF-9B74-400A97062EEB}"
EndProject
Project("{9A19103F-16F7-4668-BE54-9A1E7A4F7556}") = "FrameProtocol", "FrameProtocol\FrameProtocol.csproj", "{A2E0FCC4-0C30-471B-9B41-44930478CCCA}"
EndProject
Project("{FAE04EC0-301F-11D3-BF4B-00C04F79EFBC}") = "RuntimeTracing", "RuntimeTracing\RuntimeTracing.csproj", "{096113CE-2019-47FB-B760-1FDA874AC08E}"
EndProject
Global
	GlobalSection(SolutionConfigurationPlatforms) = preSolution
		Debug|Any CPU = Debug|Any CPU
		Debug|x64 = Debug|x64
		Debug|x86 = Debug|x86
		Release|Any CPU = Release|Any CPU
		Release|x64 = Release|x64
		Release|x86 = Release|x86
	EndGlobalSection
	GlobalSection(ProjectConfigurationPlatforms) = postSolution
		{64516072-9414-4A0D-BEBE-7A59F872E243}.Debug|Any CPU.ActiveCfg = Debug|Any CPU
		{64516072-9414-4A0D-BEBE-7A59F872E243}.Debug|Any CPU.Build.0 = Debug|Any CPU
		{64516072-9414-4A0D-BEBE-7A59F872E243}.Debug|x64.ActiveCfg = Debug|Any CPU
		{64516072-9414-4A0D-BEBE-7A59F872E243}.Debug|x64.Build.0 = Debug|Any CPU
		{64516072-9414-4A0D-BEBE-7A59F872E243}.Debug|x86.ActiveCfg = Debug|Any CPU
		{64516072-9414-4A0D-BEBE-7A59F872E243}.Debug|x86.Build.0 = Debug|Any CPU
		{64516072-9414-4A0D-BEBE-7A59F872E243}.Release|Any CPU.ActiveCfg = Release|Any CPU
		{64516072-9414-4A0D-BEBE-7A59F872E243}.Release|Any CPU.Build.0 = Release|Any CPU
		{64516072-9414-4A0D-BEBE-7A59F872E243}.Release|x64.ActiveCfg = Release|Any CPU
		{64516072-9414-4A0D-BEBE-7A59F872E243}.Release|x64.Build.0 = Release|Any CPU
		{64516072-9414-4A0D-BEBE-7A59F872E243}.Release|x86.ActiveCfg = Release|Any CPU
		{64516072-9414-4A0D-BEBE-7A59F872E243}.Release|x86.Build.0 = Release|Any CPU
		{4CA689A4-703B-47CF-9B74-400A97062EEB}.Debug|Any CPU.ActiveCfg = Debug|Any CPU
		{4CA689A4-703B-47CF-9B74-400A97062EEB}.Debug|Any CPU.Build.0 = Debug|Any CPU
		{4CA689A4-703B-47CF-9B74-400A97062EEB}.Debug|x64.ActiveCfg = Debug|Any CPU
		{4CA689A4-703B-47CF-9B74-400A97062EEB}.Debug|x64.Build.0 = Debug|Any CPU
		{4CA689A4-703B-47CF-9B74-400A97062EEB}.Debug|x86.ActiveCfg = Debug|Any CPU
		{4CA689A4-703B-47CF-9B74-400A97062EEB}.Debug|x86.Build.0 = Debug|Any CPU
		{4CA689A4-703B-47CF-9B74-400A97062EEB}.Release|Any CPU.ActiveCfg = Release|Any CPU
		{4CA689A4-703B-47CF-9B74-400A97062EEB}.Release|Any CPU.Build.0 = Release|Any CPU
		{4CA689A4-703B-47CF-9B74-400A97062EEB}.Release|x64.ActiveCfg = Release|Any CPU
		{4CA689A4-703B-47CF-9B74-400A97062EEB}.Release|x64.Build.0 = Release|Any CPU
		{4CA689A4-703B-47CF-9B74-400A97062EEB}.Release|x86.ActiveCfg = Release|Any CPU
		{4CA689A4-703B-47CF-9B74-400A97062EEB}.Release|x86.Build.0 = Release|Any CPU
		{A2E0FCC4-0C30-471B-9B41-44930478CCCA}.Debug|Any CPU.ActiveCfg = Debug|Any CPU
		{A2E0FCC4-0C30-471B-9B41-44930478CCCA}.Debug|Any CPU.Build.0 = Debug|Any CPU
		{A2E0FCC4-0C30-471B-9B41-44930478CCCA}.Debug|x64.ActiveCfg = Debug|Any CPU
		{A2E0FCC4-0C30-471B-9B41-44930478CCCA}.Debug|x64.Build.0 = Debug|Any CPU
		{A2E0FCC4-0C30-471B-9B41-44930478CCCA}.Debug|x86.ActiveCfg = Debug|Any CPU
		{A2E0FCC4-0C30-471B-9B41-44930478CCCA}.Debug|x86.Build.0 = Debug|Any CPU
		{A2E0FCC4-0C30-471B-9B41-44930478CCCA}.Release|Any CPU.ActiveCfg = Release|Any CPU
		{A2E0FCC4-0C30-471B-9B41-44930478CCCA}.Release|Any CPU.Build.0 = Release|Any CPU
		{A2E0FCC4-0C30-471B-9B41-44930478CCCA}.Release|x64.ActiveCfg = Release|Any CPU
		{A2E0FCC4-0C30-471B-9B41-44930478CCCA}.Release|x64.Build.0 = Release|Any CPU
		{A2E0FCC4-0C30-471B-9B41-44930478CCCA}.Release|x86.ActiveCfg = Release|Any CPU
		{A2E0FCC4-0C30-471B-9B41-44930478CCCA}.Release|x86.Build.0 = Release|Any CPU
		{096113CE-2019-47FB-B760-1FDA874AC08E}.Debug|Any CPU.ActiveCfg = Debug|Any CPU
		{096113CE-2019-47FB-B760-1FDA874AC08E}.Debug|Any CPU.Build.0 = Debug|Any CPU
		{096113CE-2019-47FB-B760-1FDA874AC08E}.Debug|x64.ActiveCfg = Debug|Any CPU
		{096113CE-2019-47FB-B760-1FDA874AC08E}.Debug|x64.Build.0 = Debug|Any CPU
		{096113CE-2019-47FB-B760-1FDA874AC08E}.Debug|x86.ActiveCfg = Debug|Any CPU
		{096113CE-2019-47FB-B760-1FDA874AC08E}.Debug|x86.Build.0 = Debug|Any CPU
		{096113CE-2019-47FB-B760-1FDA874AC08E}.Release|Any CPU.ActiveCfg = Release|Any CPU
		{096113CE-2019-47FB-B760-1FDA874AC08E}.Release|Any CPU.Build.0 = Release|Any CPU
		{096113CE-2019-47FB-B760-1FDA874AC08E}.Release|x64.ActiveCfg = Release|Any CPU
		{096113CE-2019-47FB-B760-1FDA874AC08E}.Release|x64.Build.0 = Release|Any CPU
		{096113CE-2019-47FB-B760-1FDA874AC08E}.Release|x86.ActiveCfg = Release|Any CPU
		{096113CE-2019-47FB-B760-1FDA874AC08E}.Release|x86.Build.0 = Release|Any CPU
	EndGlobalSection
	GlobalSection(SolutionProperties) = preSolution
		HideSolutionNode = FALSE
	EndGlobalSection
	GlobalSection(ExtensibilityGlobals) = postSolution
		SolutionGuid = {B78CC270-7BDF-4D07-B038-8877B428F468}
	EndGlobalSection
EndGlobal
